hash: 7c97c5ab258e7c40c81cad1debb2d8abe9dbdc11a06b90d1475732a4b7ed8194
updated: 2016-10-20T16:43:15.265661322-04:00
imports:
- name: github.com/davecgh/go-spew
- name: github.com/mongodb/amboy
  subpackages:
  - dependency
  - queue
  - registry
  - priority
  - pool
  - queue/driver
- name: github.com/pkg/errors
- name: github.com/pmezard/go-difflib
- name: github.com/satori/go.uuid
- name: github.com/stretchr/objx
- name: github.com/stretchr/testify
- name: github.com/tychoish/grip
  subpackages:
  - level
  - logging
  - send
  - sometimes
  - message
- name: golang.org/x/net
  subpackages:
  - context
devImports: []
